<?xml version="1.0" encoding="utf-8"?>
<Project ToolsVersion="4.0" xmlns="http://schemas.microsoft.com/developer/msbuild/2003">
  <ItemGroup>
    <Filter Include="Allmund">
      <UniqueIdentifier>{524A1693-BE29-952E-C741-200533A0FB8F}</UniqueIdentifier>
    </Filter>
    <Filter Include="Allmund\Graphics">
      <UniqueIdentifier>{D2CE1FE0-BEC7-3E32-E7F9-23B7D3511E3E}</UniqueIdentifier>
    </Filter>
  </ItemGroup>
  <ItemGroup>
    <ClInclude Include="src\Allmund.h" />
    <ClInclude Include="src\Allmund\Actor.h">
      <Filter>Allmund</Filter>
    </ClInclude>
    <ClInclude Include="src\Allmund\Application.h">
      <Filter>Allmund</Filter>
    </ClInclude>
    <ClInclude Include="src\Allmund\Camera.h">
      <Filter>Allmund</Filter>
    </ClInclude>
    <ClInclude Include="src\Allmund\Core.h">
      <Filter>Allmund</Filter>
    </ClInclude>
    <ClInclude Include="src\Allmund\Engine.h">
      <Filter>Allmund</Filter>
    </ClInclude>
    <ClInclude Include="src\Allmund\EntryPoint.h">
      <Filter>Allmund</Filter>
    </ClInclude>
    <ClInclude Include="src\Allmund\Graphics\IndexBuffer.h">
      <Filter>Allmund\Graphics</Filter>
    </ClInclude>
    <ClInclude Include="src\Allmund\Graphics\Material.h">
      <Filter>Allmund\Graphics</Filter>
    </ClInclude>
    <ClInclude Include="src\Allmund\Graphics\Model.h">
      <Filter>Allmund\Graphics</Filter>
    </ClInclude>
    <ClInclude Include="src\Allmund\Graphics\OpenGL.h">
      <Filter>Allmund\Graphics</Filter>
    </ClInclude>
    <ClInclude Include="src\Allmund\Graphics\OpenGLRenderer.h">
      <Filter>Allmund\Graphics</Filter>
    </ClInclude>
    <ClInclude Include="src\Allmund\Graphics\Shader.h">
      <Filter>Allmund\Graphics</Filter>
    </ClInclude>
    <ClInclude Include="src\Allmund\Graphics\Uniform.h">
      <Filter>Allmund\Graphics</Filter>
    </ClInclude>
    <ClInclude Include="src\Allmund\Graphics\VertexBuffer.h">
      <Filter>Allmund\Graphics</Filter>
    </ClInclude>
    <ClInclude Include="src\Allmund\Log.h">
      <Filter>Allmund</Filter>
    </ClInclude>
    <ClInclude Include="src\Allmund\Scene.h">
      <Filter>Allmund</Filter>
    </ClInclude>
    <ClInclude Include="src\Allmund\Transform.h">
      <Filter>Allmund</Filter>
    </ClInclude>
    <ClInclude Include="src\Allmund\Window.h">
      <Filter>Allmund</Filter>
    </ClInclude>
    <ClInclude Include="src\Test.h" />
  </ItemGroup>
  <ItemGroup>
    <ClCompile Include="src\Allmund\Actor.cpp">
      <Filter>Allmund</Filter>
    </ClCompile>
    <ClCompile Include="src\Allmund\Application.cpp">
      <Filter>Allmund</Filter>
    </ClCompile>
    <ClCompile Include="src\Allmund\Camera.cpp">
      <Filter>Allmund</Filter>
    </ClCompile>
    <ClCompile Include="src\Allmund\Engine.cpp">
      <Filter>Allmund</Filter>
    </ClCompile>
    <ClCompile Include="src\Allmund\Graphics\IndexBuffer.cpp">
      <Filter>Allmund\Graphics</Filter>
    </ClCompile>
    <ClCompile Include="src\Allmund\Graphics\Material.cpp">
      <Filter>Allmund\Graphics</Filter>
    </ClCompile>
    <ClCompile Include="src\Allmund\Graphics\Model.cpp">
      <Filter>Allmund\Graphics</Filter>
    </ClCompile>
    <ClCompile Include="src\Allmund\Graphics\OpenGL.cpp">
      <Filter>Allmund\Graphics</Filter>
    </ClCompile>
    <ClCompile Include="src\Allmund\Graphics\OpenGLRenderer.cpp">
      <Filter>Allmund\Graphics</Filter>
    </ClCompile>
    <ClCompile Include="src\Allmund\Graphics\Shader.cpp">
      <Filter>Allmund\Graphics</Filter>
    </ClCompile>
    <ClCompile Include="src\Allmund\Graphics\Uniform.cpp">
      <Filter>Allmund\Graphics</Filter>
    </ClCompile>
    <ClCompile Include="src\Allmund\Graphics\VertexBuffer.cpp">
      <Filter>Allmund\Graphics</Filter>
    </ClCompile>
    <ClCompile Include="src\Allmund\Log.cpp">
      <Filter>Allmund</Filter>
    </ClCompile>
    <ClCompile Include="src\Allmund\Scene.cpp">
      <Filter>Allmund</Filter>
    </ClCompile>
    <ClCompile Include="src\Allmund\Transform.cpp">
      <Filter>Allmund</Filter>
    </ClCompile>
    <ClCompile Include="src\Allmund\Window.cpp">
      <Filter>Allmund</Filter>
    </ClCompile>
    <ClCompile Include="src\Test.cpp" />
  </ItemGroup>
</Project>